
Microsoft Visual Studio Solution File, Format Version 12.00
# Visual Studio Version 17
VisualStudioVersion = 17.14.36109.1 d17.14
MinimumVisualStudioVersion = 10.0.40219.1
Project("{FAE04EC0-301F-11D3-BF4B-00C04F79EFBC}") = "Task1", "Task1\Task1.csproj", "{1FA0C9E0-CC45-472B-916F-80E4E354DBC4}"
EndProject
Project("{FAE04EC0-301F-11D3-BF4B-00C04F79EFBC}") = "Task2", "..\..\Task 2\Task2\Task2.csproj", "{0F2660E0-435F-4228-B5E4-D494D3CB9F65}"
EndProject
Project("{FAE04EC0-301F-11D3-BF4B-00C04F79EFBC}") = "Task3", "..\..\Task 3\Task3\Task3.csproj", "{83BAEAF9-BAE7-4FC2-AB74-F73BB541DD9D}"
EndProject
Global
	GlobalSection(SolutionConfigurationPlatforms) = preSolution
		Debug|Any CPU = Debug|Any CPU
		Release|Any CPU = Release|Any CPU
	EndGlobalSection
	GlobalSection(ProjectConfigurationPlatforms) = postSolution
		{1FA0C9E0-CC45-472B-916F-80E4E354DBC4}.Debug|Any CPU.ActiveCfg = Debug|Any CPU
		{1FA0C9E0-CC45-472B-916F-80E4E354DBC4}.Debug|Any CPU.Build.0 = Debug|Any CPU
		{1FA0C9E0-CC45-472B-916F-80E4E354DBC4}.Release|Any CPU.ActiveCfg = Release|Any CPU
		{1FA0C9E0-CC45-472B-916F-80E4E354DBC4}.Release|Any CPU.Build.0 = Release|Any CPU
		{0F2660E0-435F-4228-B5E4-D494D3CB9F65}.Debug|Any CPU.ActiveCfg = Debug|Any CPU
		{0F2660E0-435F-4228-B5E4-D494D3CB9F65}.Debug|Any CPU.Build.0 = Debug|Any CPU
		{0F2660E0-435F-4228-B5E4-D494D3CB9F65}.Release|Any CPU.ActiveCfg = Release|Any CPU
		{0F2660E0-435F-4228-B5E4-D494D3CB9F65}.Release|Any CPU.Build.0 = Release|Any CPU
		{83BAEAF9-BAE7-4FC2-AB74-F73BB541DD9D}.Debug|Any CPU.ActiveCfg = Debug|Any CPU
		{83BAEAF9-BAE7-4FC2-AB74-F73BB541DD9D}.Debug|Any CPU.Build.0 = Debug|Any CPU
		{83BAEAF9-BAE7-4FC2-AB74-F73BB541DD9D}.Release|Any CPU.ActiveCfg = Release|Any CPU
		{83BAEAF9-BAE7-4FC2-AB74-F73BB541DD9D}.Release|Any CPU.Build.0 = Release|Any CPU
	EndGlobalSection
	GlobalSection(SolutionProperties) = preSolution
		HideSolutionNode = FALSE
	EndGlobalSection
	GlobalSection(ExtensibilityGlobals) = postSolution
		SolutionGuid = {49E964EB-8D22-4109-A9ED-25A8DA4216EF}
	EndGlobalSection
EndGlobal
